
Microsoft Visual Studio Solution File, Format Version 12.00
# Visual Studio Version 17
VisualStudioVersion = 17.6.33801.468
MinimumVisualStudioVersion = 10.0.40219.1
Project("{FAE04EC0-301F-11D3-BF4B-00C04F79EFBC}") = "Prueba-Ado", "Prueba-Ado\Prueba-Ado.csproj", "{741BC707-D830-4749-A35B-6A6516715377}"
EndProject
Project("{9A19103F-16F7-4668-BE54-9A1E7A4F7556}") = "Domain", "Domain\Domain.csproj", "{4EB4FC98-20B2-4BD7-B13B-B9897BF78D56}"
EndProject
Project("{9A19103F-16F7-4668-BE54-9A1E7A4F7556}") = "Application", "Business\Application.csproj", "{C7473736-02BB-47B0-8946-801A17011343}"
EndProject
Global
	GlobalSection(SolutionConfigurationPlatforms) = preSolution
		Debug|Any CPU = Debug|Any CPU
		Release|Any CPU = Release|Any CPU
	EndGlobalSection
	GlobalSection(ProjectConfigurationPlatforms) = postSolution
		{741BC707-D830-4749-A35B-6A6516715377}.Debug|Any CPU.ActiveCfg = Debug|Any CPU
		{741BC707-D830-4749-A35B-6A6516715377}.Debug|Any CPU.Build.0 = Debug|Any CPU
		{741BC707-D830-4749-A35B-6A6516715377}.Release|Any CPU.ActiveCfg = Release|Any CPU
		{741BC707-D830-4749-A35B-6A6516715377}.Release|Any CPU.Build.0 = Release|Any CPU
		{4EB4FC98-20B2-4BD7-B13B-B9897BF78D56}.Debug|Any CPU.ActiveCfg = Debug|Any CPU
		{4EB4FC98-20B2-4BD7-B13B-B9897BF78D56}.Debug|Any CPU.Build.0 = Debug|Any CPU
		{4EB4FC98-20B2-4BD7-B13B-B9897BF78D56}.Release|Any CPU.ActiveCfg = Release|Any CPU
		{4EB4FC98-20B2-4BD7-B13B-B9897BF78D56}.Release|Any CPU.Build.0 = Release|Any CPU
		{C7473736-02BB-47B0-8946-801A17011343}.Debug|Any CPU.ActiveCfg = Debug|Any CPU
		{C7473736-02BB-47B0-8946-801A17011343}.Debug|Any CPU.Build.0 = Debug|Any CPU
		{C7473736-02BB-47B0-8946-801A17011343}.Release|Any CPU.ActiveCfg = Release|Any CPU
		{C7473736-02BB-47B0-8946-801A17011343}.Release|Any CPU.Build.0 = Release|Any CPU
	EndGlobalSection
	GlobalSection(SolutionProperties) = preSolution
		HideSolutionNode = FALSE
	EndGlobalSection
	GlobalSection(ExtensibilityGlobals) = postSolution
		SolutionGuid = {5D13FFEF-A261-4009-9EC2-83406F7581C6}
	EndGlobalSection
EndGlobal
